
Microsoft Visual Studio Solution File, Format Version 12.00
# Visual Studio Version 17
VisualStudioVersion = 17.11.35327.3
MinimumVisualStudioVersion = 10.0.40219.1
Project("{8BC9CEB8-8B4A-11D0-8D11-00A0C91BC942}") = "modeless-RN-V4", "modeless.vcxproj", "{35CB522C-0CD9-4684-A094-90CEA303842B}"
EndProject
Global
	GlobalSection(SolutionConfigurationPlatforms) = preSolution
		Debug|x64 = Debug|x64
		Debug-2025i|x64 = Debug-2025i|x64
		Release|x64 = Release|x64
	EndGlobalSection
	GlobalSection(ProjectConfigurationPlatforms) = postSolution
		{35CB522C-0CD9-4684-A094-90CEA303842B}.Debug|x64.ActiveCfg = Debug|x64
		{35CB522C-0CD9-4684-A094-90CEA303842B}.Debug|x64.Build.0 = Debug|x64
		{35CB522C-0CD9-4684-A094-90CEA303842B}.Debug-2025i|x64.ActiveCfg = Debug-2025i|x64
		{35CB522C-0CD9-4684-A094-90CEA303842B}.Debug-2025i|x64.Build.0 = Debug-2025i|x64
		{35CB522C-0CD9-4684-A094-90CEA303842B}.Release|x64.ActiveCfg = Release|x64
		{35CB522C-0CD9-4684-A094-90CEA303842B}.Release|x64.Build.0 = Release|x64
	EndGlobalSection
	GlobalSection(SolutionProperties) = preSolution
		HideSolutionNode = FALSE
	EndGlobalSection
	GlobalSection(ExtensibilityGlobals) = postSolution
		SolutionGuid = {010515D8-7B72-4D1E-9E98-4B6E9DE82B72}
	EndGlobalSection
EndGlobal
